
Microsoft Visual Studio Solution File, Format Version 12.00
# Visual Studio Version 17
VisualStudioVersion = 17.7.34024.191
MinimumVisualStudioVersion = 10.0.40219.1
Project("{2150E333-8FDC-42A3-9474-1A3956D46DE8}") = "src", "src", "{3C662CA3-1966-45F2-8810-8B237C6ED5D0}"
EndProject
Project("{2150E333-8FDC-42A3-9474-1A3956D46DE8}") = "Api", "Api", "{4451417D-048A-461A-8C41-B0CBD17D2E8B}"
EndProject
Project("{2150E333-8FDC-42A3-9474-1A3956D46DE8}") = "Domain", "Domain", "{EB9F4502-8BC0-4C13-A56C-E8F383F4FCC3}"
EndProject
Project("{2150E333-8FDC-42A3-9474-1A3956D46DE8}") = "Infra", "Infra", "{A90B14CC-F52D-4099-BD7D-56D908B2A35E}"
EndProject
Project("{2150E333-8FDC-42A3-9474-1A3956D46DE8}") = "Application", "Application", "{48C8A983-B17F-481A-A91A-E1376B22EB43}"
EndProject
Project("{FAE04EC0-301F-11D3-BF4B-00C04F79EFBC}") = "Domain", "src\Domain\Domain.csproj", "{EF5AAE57-0688-4651-85D4-9C0877FFF93E}"
EndProject
Global
	GlobalSection(SolutionConfigurationPlatforms) = preSolution
		Debug|Any CPU = Debug|Any CPU
		Release|Any CPU = Release|Any CPU
	EndGlobalSection
	GlobalSection(ProjectConfigurationPlatforms) = postSolution
		{EF5AAE57-0688-4651-85D4-9C0877FFF93E}.Debug|Any CPU.ActiveCfg = Debug|Any CPU
		{EF5AAE57-0688-4651-85D4-9C0877FFF93E}.Debug|Any CPU.Build.0 = Debug|Any CPU
		{EF5AAE57-0688-4651-85D4-9C0877FFF93E}.Release|Any CPU.ActiveCfg = Release|Any CPU
		{EF5AAE57-0688-4651-85D4-9C0877FFF93E}.Release|Any CPU.Build.0 = Release|Any CPU
	EndGlobalSection
	GlobalSection(SolutionProperties) = preSolution
		HideSolutionNode = FALSE
	EndGlobalSection
	GlobalSection(NestedProjects) = preSolution
		{4451417D-048A-461A-8C41-B0CBD17D2E8B} = {3C662CA3-1966-45F2-8810-8B237C6ED5D0}
		{EB9F4502-8BC0-4C13-A56C-E8F383F4FCC3} = {3C662CA3-1966-45F2-8810-8B237C6ED5D0}
		{A90B14CC-F52D-4099-BD7D-56D908B2A35E} = {3C662CA3-1966-45F2-8810-8B237C6ED5D0}
		{48C8A983-B17F-481A-A91A-E1376B22EB43} = {3C662CA3-1966-45F2-8810-8B237C6ED5D0}
		{EF5AAE57-0688-4651-85D4-9C0877FFF93E} = {EB9F4502-8BC0-4C13-A56C-E8F383F4FCC3}
	EndGlobalSection
	GlobalSection(ExtensibilityGlobals) = postSolution
		SolutionGuid = {B21F002A-A681-41B7-A303-A2DE56B1C61E}
	EndGlobalSection
EndGlobal
